
Microsoft Visual Studio Solution File, Format Version 12.00
# Visual Studio Version 16
VisualStudioVersion = 16.0.31624.102
MinimumVisualStudioVersion = 10.0.40219.1
Project("{9A19103F-16F7-4668-BE54-9A1E7A4F7556}") = "AspNetSandbox", "AspNetSandbox\AspNetSandbox.csproj", "{57EB27F4-D3BE-4E8B-9E72-83E27A700705}"
EndProject
Project("{9A19103F-16F7-4668-BE54-9A1E7A4F7556}") = "AspNetSanboxTests", "AspNetSanboxTests\AspNetSanboxTests.csproj", "{3370AC4D-D2F4-46C8-AB59-4570F0288A85}"
EndProject
Project("{2150E333-8FDC-42A3-9474-1A3956D46DE8}") = "Solution Items", "Solution Items", "{0B17DB50-EE13-4D11-8862-572C6DBACAC7}"
	ProjectSection(SolutionItems) = preProject
		.editorconfig = .editorconfig
		.github\workflows\dotnet.yml = .github\workflows\dotnet.yml
		README.md = README.md
	EndProjectSection
EndProject
Project("{9A19103F-16F7-4668-BE54-9A1E7A4F7556}") = "UsersManagement", "UsersManagement\UsersManagement.csproj", "{0629B027-B9F7-42E5-8C4C-F1B9BA95242E}"
EndProject
Global
	GlobalSection(SolutionConfigurationPlatforms) = preSolution
		Debug|Any CPU = Debug|Any CPU
		Release|Any CPU = Release|Any CPU
	EndGlobalSection
	GlobalSection(ProjectConfigurationPlatforms) = postSolution
		{57EB27F4-D3BE-4E8B-9E72-83E27A700705}.Debug|Any CPU.ActiveCfg = Debug|Any CPU
		{57EB27F4-D3BE-4E8B-9E72-83E27A700705}.Debug|Any CPU.Build.0 = Debug|Any CPU
		{57EB27F4-D3BE-4E8B-9E72-83E27A700705}.Release|Any CPU.ActiveCfg = Release|Any CPU
		{57EB27F4-D3BE-4E8B-9E72-83E27A700705}.Release|Any CPU.Build.0 = Release|Any CPU
		{3370AC4D-D2F4-46C8-AB59-4570F0288A85}.Debug|Any CPU.ActiveCfg = Debug|Any CPU
		{3370AC4D-D2F4-46C8-AB59-4570F0288A85}.Debug|Any CPU.Build.0 = Debug|Any CPU
		{3370AC4D-D2F4-46C8-AB59-4570F0288A85}.Release|Any CPU.ActiveCfg = Release|Any CPU
		{3370AC4D-D2F4-46C8-AB59-4570F0288A85}.Release|Any CPU.Build.0 = Release|Any CPU
		{0629B027-B9F7-42E5-8C4C-F1B9BA95242E}.Debug|Any CPU.ActiveCfg = Debug|Any CPU
		{0629B027-B9F7-42E5-8C4C-F1B9BA95242E}.Debug|Any CPU.Build.0 = Debug|Any CPU
		{0629B027-B9F7-42E5-8C4C-F1B9BA95242E}.Release|Any CPU.ActiveCfg = Release|Any CPU
		{0629B027-B9F7-42E5-8C4C-F1B9BA95242E}.Release|Any CPU.Build.0 = Release|Any CPU
	EndGlobalSection
	GlobalSection(SolutionProperties) = preSolution
		HideSolutionNode = FALSE
	EndGlobalSection
	GlobalSection(ExtensibilityGlobals) = postSolution
		SolutionGuid = {2ADA2B54-3938-4347-92D7-46F5B49042F4}
	EndGlobalSection
EndGlobal
